
Microsoft Visual Studio Solution File, Format Version 12.00
# Visual Studio 15
VisualStudioVersion = 15.0.26730.16
MinimumVisualStudioVersion = 10.0.40219.1
Project("{FAE04EC0-301F-11D3-BF4B-00C04F79EFBC}") = "PhotoSharing", "PhotoSharing\PhotoSharing.csproj", "{D5E840A7-39DF-4F2F-B5B4-A66A0097A703}"
EndProject
Project("{CC5FD16D-436D-48AD-A40C-5A424C6E3E79}") = "ThumbnailGenerator", "ThumbnailGenerator\ThumbnailGenerator.ccproj", "{F4220D8B-0246-4ACB-89FD-9DC73BDBE979}"
EndProject
Project("{FAE04EC0-301F-11D3-BF4B-00C04F79EFBC}") = "WorkerRole1", "WorkerRole1\WorkerRole1.csproj", "{C3913010-96F9-408F-B8D7-A90D09B70A2A}"
EndProject
Global
	GlobalSection(SolutionConfigurationPlatforms) = preSolution
		Debug|Any CPU = Debug|Any CPU
		Release|Any CPU = Release|Any CPU
	EndGlobalSection
	GlobalSection(ProjectConfigurationPlatforms) = postSolution
		{D5E840A7-39DF-4F2F-B5B4-A66A0097A703}.Debug|Any CPU.ActiveCfg = Debug|Any CPU
		{D5E840A7-39DF-4F2F-B5B4-A66A0097A703}.Debug|Any CPU.Build.0 = Debug|Any CPU
		{D5E840A7-39DF-4F2F-B5B4-A66A0097A703}.Release|Any CPU.ActiveCfg = Release|Any CPU
		{D5E840A7-39DF-4F2F-B5B4-A66A0097A703}.Release|Any CPU.Build.0 = Release|Any CPU
		{F4220D8B-0246-4ACB-89FD-9DC73BDBE979}.Debug|Any CPU.ActiveCfg = Debug|Any CPU
		{F4220D8B-0246-4ACB-89FD-9DC73BDBE979}.Debug|Any CPU.Build.0 = Debug|Any CPU
		{F4220D8B-0246-4ACB-89FD-9DC73BDBE979}.Release|Any CPU.ActiveCfg = Release|Any CPU
		{F4220D8B-0246-4ACB-89FD-9DC73BDBE979}.Release|Any CPU.Build.0 = Release|Any CPU
		{C3913010-96F9-408F-B8D7-A90D09B70A2A}.Debug|Any CPU.ActiveCfg = Debug|Any CPU
		{C3913010-96F9-408F-B8D7-A90D09B70A2A}.Debug|Any CPU.Build.0 = Debug|Any CPU
		{C3913010-96F9-408F-B8D7-A90D09B70A2A}.Release|Any CPU.ActiveCfg = Release|Any CPU
		{C3913010-96F9-408F-B8D7-A90D09B70A2A}.Release|Any CPU.Build.0 = Release|Any CPU
	EndGlobalSection
	GlobalSection(SolutionProperties) = preSolution
		HideSolutionNode = FALSE
	EndGlobalSection
	GlobalSection(ExtensibilityGlobals) = postSolution
		SolutionGuid = {DEA846A9-DDFE-47DE-8568-5005C341696C}
	EndGlobalSection
EndGlobal
